{
  "name": "react-app",
  "lockfileVersion": 2,
  "requires": true,
  "packages": {
    "": {
      "dependencies": {
        "nouislider": "^15.5.1",
        "surveyjs-widgets": "^1.9.13"
      }
    },
    "node_modules/bootstrap-slider": {
      "version": "10.6.2",
      "resolved": "https://registry.npmjs.org/bootstrap-slider/-/bootstrap-slider-10.6.2.tgz",
      "integrity": "sha512-8JTPZB9QVOdrGzYF3YgC3YW6ssfPeBvBwZnXffiZ7YH/zz1D0EKlZvmQsm/w3N0XjVNYQEoQ0ax+jHrErV4K1Q=="
    },
    "node_modules/easy-autocomplete": {
      "version": "1.3.5",
      "resolved": "https://registry.npmjs.org/easy-autocomplete/-/easy-autocomplete-1.3.5.tgz",
      "integrity": "sha1-Ki0t9pnxPdxIZhyTdblDes8aCpw=",
      "dependencies": {
        "jquery": "*"
      }
    },
    "node_modules/emotion-ratings": {
      "version": "2.0.2",
      "resolved": "https://registry.npmjs.org/emotion-ratings/-/emotion-ratings-2.0.2.tgz",
      "integrity": "sha512-b+HR3kMOC2biuF/nrQk35IuSrEt8jAIay8clGqa4oVmbS8BHkpBnNS5wofly2ArA9Tvzek+3qFt9sK6FMhDuPA=="
    },
    "node_modules/icheck": {
      "version": "1.0.2",
      "resolved": "https://registry.npmjs.org/icheck/-/icheck-1.0.2.tgz",
      "integrity": "sha1-BtCNo9R65EjBU7Jjm4bprX/fcSg="
    },
    "node_modules/inputmask": {
      "version": "5.0.7",
      "resolved": "https://registry.npmjs.org/inputmask/-/inputmask-5.0.7.tgz",
      "integrity": "sha512-rUxbRDS25KEib+c/Ow+K01oprU/+EK9t9SOPC8ov94/ftULGDqj1zOgRU/Hko6uzoKRMdwCfuhAafJ/Wk2wffQ=="
    },
    "node_modules/jquery": {
      "version": "3.6.0",
      "resolved": "https://registry.npmjs.org/jquery/-/jquery-3.6.0.tgz",
      "integrity": "sha512-JVzAR/AjBvVt2BmYhxRCSYysDsPcssdmTFnzyLEts9qNwmjmu4JTAMYubEfwVOSwpQ1I1sKKFcxhZCI2buerfw=="
    },
    "node_modules/jquery-bar-rating": {
      "version": "1.2.2",
      "resolved": "https://registry.npmjs.org/jquery-bar-rating/-/jquery-bar-rating-1.2.2.tgz",
      "integrity": "sha1-lZTWYs/53rD+ezclEbskkqQ285I=",
      "dependencies": {
        "jquery": ">=1.7.2"
      }
    },
    "node_modules/jquery-ui": {
      "version": "1.13.1",
      "resolved": "https://registry.npmjs.org/jquery-ui/-/jquery-ui-1.13.1.tgz",
      "integrity": "sha512-2VlU59N5P4HaumDK1Z3XEVjSvegFbEOQRgpHUBaB2Ak98Axl3hFhJ6RFcNQNuk9SfL6WxIbuLst8dW/U56NSiA==",
      "dependencies": {
        "jquery": ">=1.8.0 <4.0.0"
      }
    },
    "node_modules/nouislider": {
      "version": "15.5.1",
      "resolved": "https://registry.npmjs.org/nouislider/-/nouislider-15.5.1.tgz",
      "integrity": "sha512-V8LNPhLPXLNjkgXLfyzDRGDeKvzZeaiIx5YagMiHnOMqgcRzT75jqvEZYXbSrEffXouwcEShSd8Vllm2Nkwqew=="
    },
    "node_modules/pretty-checkbox": {
      "version": "3.0.3",
      "resolved": "https://registry.npmjs.org/pretty-checkbox/-/pretty-checkbox-3.0.3.tgz",
      "integrity": "sha1-1JyAE6j8CO4MLW695FNGS/28Qo4="
    },
    "node_modules/recordrtc": {
      "version": "5.6.2",
      "resolved": "https://registry.npmjs.org/recordrtc/-/recordrtc-5.6.2.tgz",
      "integrity": "sha512-1QNKKNtl7+KcwD1lyOgP3ZlbiJ1d0HtXnypUy7yq49xEERxk31PHvE9RCciDrulPCY7WJ+oz0R9hpNxgsIurGQ=="
    },
    "node_modules/select2": {
      "version": "4.0.13",
      "resolved": "https://registry.npmjs.org/select2/-/select2-4.0.13.tgz",
      "integrity": "sha512-1JeB87s6oN/TDxQQYCvS5EFoQyvV6eYMZZ0AeA4tdFDYWN3BAGZ8npr17UBFddU0lgAt3H0yjX3X6/ekOj1yjw=="
    },
    "node_modules/sortablejs": {
      "version": "1.14.0",
      "resolved": "https://registry.npmjs.org/sortablejs/-/sortablejs-1.14.0.tgz",
      "integrity": "sha512-pBXvQCs5/33fdN1/39pPL0NZF20LeRbLQ5jtnheIPN9JQAaufGjKdWduZn4U7wCtVuzKhmRkI0DFYHYRbB2H1w=="
    },
    "node_modules/surveyjs-widgets": {
      "version": "1.9.13",
      "resolved": "https://registry.npmjs.org/surveyjs-widgets/-/surveyjs-widgets-1.9.13.tgz",
      "integrity": "sha512-8A850aAZdkesoxDaGWkqf3x63GuP808rjE5KzXazbRc9nsHuSqQoHRQC8OrjQ5cgwE1cXDvSxNgs4hynWO599A==",
      "dependencies": {
        "bootstrap-slider": "^10.0.0",
        "easy-autocomplete": "^1.3.5",
        "emotion-ratings": "^2.0.1",
        "icheck": "^1.0.2",
        "inputmask": "^5.0.3",
        "jquery": "^3.2.1",
        "jquery-bar-rating": "^1.2.2",
        "jquery-ui": "^1.12.1",
        "nouislider": "^14.6.3",
        "pretty-checkbox": "^3.0.3",
        "recordrtc": "^5.4.6",
        "select2": "^4.0.4",
        "sortablejs": "^1.6.1"
      }
    },
    "node_modules/surveyjs-widgets/node_modules/nouislider": {
      "version": "14.7.0",
      "resolved": "https://registry.npmjs.org/nouislider/-/nouislider-14.7.0.tgz",
      "integrity": "sha512-4RtQ1+LHJKesDCNJrXkQcwXAWCrC2aggdLYMstS/G5fEWL+fXZbUA9pwVNHFghMGuFGRATlDLNInRaPeRKzpFQ=="
    }
  },
  "dependencies": {
    "bootstrap-slider": {
      "version": "10.6.2",
      "resolved": "https://registry.npmjs.org/bootstrap-slider/-/bootstrap-slider-10.6.2.tgz",
      "integrity": "sha512-8JTPZB9QVOdrGzYF3YgC3YW6ssfPeBvBwZnXffiZ7YH/zz1D0EKlZvmQsm/w3N0XjVNYQEoQ0ax+jHrErV4K1Q=="
    },
    "easy-autocomplete": {
      "version": "1.3.5",
      "resolved": "https://registry.npmjs.org/easy-autocomplete/-/easy-autocomplete-1.3.5.tgz",
      "integrity": "sha1-Ki0t9pnxPdxIZhyTdblDes8aCpw=",
      "requires": {
        "jquery": "*"
      }
    },
    "emotion-ratings": {
      "version": "2.0.2",
      "resolved": "https://registry.npmjs.org/emotion-ratings/-/emotion-ratings-2.0.2.tgz",
      "integrity": "sha512-b+HR3kMOC2biuF/nrQk35IuSrEt8jAIay8clGqa4oVmbS8BHkpBnNS5wofly2ArA9Tvzek+3qFt9sK6FMhDuPA=="
    },
    "icheck": {
      "version": "1.0.2",
      "resolved": "https://registry.npmjs.org/icheck/-/icheck-1.0.2.tgz",
      "integrity": "sha1-BtCNo9R65EjBU7Jjm4bprX/fcSg="
    },
    "inputmask": {
      "version": "5.0.7",
      "resolved": "https://registry.npmjs.org/inputmask/-/inputmask-5.0.7.tgz",
      "integrity": "sha512-rUxbRDS25KEib+c/Ow+K01oprU/+EK9t9SOPC8ov94/ftULGDqj1zOgRU/Hko6uzoKRMdwCfuhAafJ/Wk2wffQ=="
    },
    "jquery": {
      "version": "3.6.0",
      "resolved": "https://registry.npmjs.org/jquery/-/jquery-3.6.0.tgz",
      "integrity": "sha512-JVzAR/AjBvVt2BmYhxRCSYysDsPcssdmTFnzyLEts9qNwmjmu4JTAMYubEfwVOSwpQ1I1sKKFcxhZCI2buerfw=="
    },
    "jquery-bar-rating": {
      "version": "1.2.2",
      "resolved": "https://registry.npmjs.org/jquery-bar-rating/-/jquery-bar-rating-1.2.2.tgz",
      "integrity": "sha1-lZTWYs/53rD+ezclEbskkqQ285I=",
      "requires": {
        "jquery": ">=1.7.2"
      }
    },
    "jquery-ui": {
      "version": "1.13.1",
      "resolved": "https://registry.npmjs.org/jquery-ui/-/jquery-ui-1.13.1.tgz",
      "integrity": "sha512-2VlU59N5P4HaumDK1Z3XEVjSvegFbEOQRgpHUBaB2Ak98Axl3hFhJ6RFcNQNuk9SfL6WxIbuLst8dW/U56NSiA==",
      "requires": {
        "jquery": ">=1.8.0 <4.0.0"
      }
    },
    "nouislider": {
      "version": "15.5.1",
      "resolved": "https://registry.npmjs.org/nouislider/-/nouislider-15.5.1.tgz",
      "integrity": "sha512-V8LNPhLPXLNjkgXLfyzDRGDeKvzZeaiIx5YagMiHnOMqgcRzT75jqvEZYXbSrEffXouwcEShSd8Vllm2Nkwqew=="
    },
    "pretty-checkbox": {
      "version": "3.0.3",
      "resolved": "https://registry.npmjs.org/pretty-checkbox/-/pretty-checkbox-3.0.3.tgz",
      "integrity": "sha1-1JyAE6j8CO4MLW695FNGS/28Qo4="
    },
    "recordrtc": {
      "version": "5.6.2",
      "resolved": "https://registry.npmjs.org/recordrtc/-/recordrtc-5.6.2.tgz",
      "integrity": "sha512-1QNKKNtl7+KcwD1lyOgP3ZlbiJ1d0HtXnypUy7yq49xEERxk31PHvE9RCciDrulPCY7WJ+oz0R9hpNxgsIurGQ=="
    },
    "select2": {
      "version": "4.0.13",
      "resolved": "https://registry.npmjs.org/select2/-/select2-4.0.13.tgz",
      "integrity": "sha512-1JeB87s6oN/TDxQQYCvS5EFoQyvV6eYMZZ0AeA4tdFDYWN3BAGZ8npr17UBFddU0lgAt3H0yjX3X6/ekOj1yjw=="
    },
    "sortablejs": {
      "version": "1.14.0",
      "resolved": "https://registry.npmjs.org/sortablejs/-/sortablejs-1.14.0.tgz",
      "integrity": "sha512-pBXvQCs5/33fdN1/39pPL0NZF20LeRbLQ5jtnheIPN9JQAaufGjKdWduZn4U7wCtVuzKhmRkI0DFYHYRbB2H1w=="
    },
    "surveyjs-widgets": {
      "version": "1.9.13",
      "resolved": "https://registry.npmjs.org/surveyjs-widgets/-/surveyjs-widgets-1.9.13.tgz",
      "integrity": "sha512-8A850aAZdkesoxDaGWkqf3x63GuP808rjE5KzXazbRc9nsHuSqQoHRQC8OrjQ5cgwE1cXDvSxNgs4hynWO599A==",
      "requires": {
        "bootstrap-slider": "^10.0.0",
        "easy-autocomplete": "^1.3.5",
        "emotion-ratings": "^2.0.1",
        "icheck": "^1.0.2",
        "inputmask": "^5.0.3",
        "jquery": "^3.2.1",
        "jquery-bar-rating": "^1.2.2",
        "jquery-ui": "^1.12.1",
        "nouislider": "^14.6.3",
        "pretty-checkbox": "^3.0.3",
        "recordrtc": "^5.4.6",
        "select2": "^4.0.4",
        "sortablejs": "^1.6.1"
      },
      "dependencies": {
        "nouislider": {
          "version": "14.7.0",
          "resolved": "https://registry.npmjs.org/nouislider/-/nouislider-14.7.0.tgz",
          "integrity": "sha512-4RtQ1+LHJKesDCNJrXkQcwXAWCrC2aggdLYMstS/G5fEWL+fXZbUA9pwVNHFghMGuFGRATlDLNInRaPeRKzpFQ=="
        }
      }
    }
  }
}
